// !$*UTF8*$!
{
	archiveVersion = 1;
	classes = {
	};
	objectVersion = 46;
	objects = {

/* Begin PBXBuildFile section */
		6538EDF4C28D355C6EAEB7F4 /* Pods_ArcGIS_Sample.framework in Frameworks */ = {isa = PBXBuildFile; fileRef = 90B0916A21627C7307EFFBD4 /* Pods_ArcGIS_Sample.framework */; };
		9ADE6C7B1D5AFFD1000A157F /* AppDelegate.swift in Sources */ = {isa = PBXBuildFile; fileRef = 9ADE6C7A1D5AFFD1000A157F /* AppDelegate.swift */; };
		9ADE6C7D1D5AFFD2000A157F /* ViewController.swift in Sources */ = {isa = PBXBuildFile; fileRef = 9ADE6C7C1D5AFFD2000A157F /* ViewController.swift */; };
		9ADE6C801D5AFFD2000A157F /* Main.storyboard in Resources */ = {isa = PBXBuildFile; fileRef = 9ADE6C7E1D5AFFD2000A157F /* Main.storyboard */; };
		9ADE6C821D5AFFD2000A157F /* Assets.xcassets in Resources */ = {isa = PBXBuildFile; fileRef = 9ADE6C811D5AFFD2000A157F /* Assets.xcassets */; };
		9ADE6C851D5AFFD2000A157F /* LaunchScreen.storyboard in Resources */ = {isa = PBXBuildFile; fileRef = 9ADE6C831D5AFFD2000A157F /* LaunchScreen.storyboard */; };
/* End PBXBuildFile section */

/* Begin PBXFileReference section */
		646098C88B351DA33F0FB638 /* Pods-ArcGIS_Sample.release.xcconfig */ = {isa = PBXFileReference; includeInIndex = 1; lastKnownFileType = text.xcconfig; name = "Pods-ArcGIS_Sample.release.xcconfig"; path = "Pods/Target Support Files/Pods-ArcGIS_Sample/Pods-ArcGIS_Sample.release.xcconfig"; sourceTree = "<group>"; };
		90B0916A21627C7307EFFBD4 /* Pods_ArcGIS_Sample.framework */ = {isa = PBXFileReference; explicitFileType = wrapper.framework; includeInIndex = 0; path = Pods_ArcGIS_Sample.framework; sourceTree = BUILT_PRODUCTS_DIR; };
		9ADE6C771D5AFFD1000A157F /* ArcGIS_Sample.app */ = {isa = PBXFileReference; explicitFileType = wrapper.application; includeInIndex = 0; path = ArcGIS_Sample.app; sourceTree = BUILT_PRODUCTS_DIR; };
		9ADE6C7A1D5AFFD1000A157F /* AppDelegate.swift */ = {isa = PBXFileReference; lastKnownFileType = sourcecode.swift; path = AppDelegate.swift; sourceTree = "<group>"; };
		9ADE6C7C1D5AFFD2000A157F /* ViewController.swift */ = {isa = PBXFileReference; lastKnownFileType = sourcecode.swift; path = ViewController.swift; sourceTree = "<group>"; };
		9ADE6C7F1D5AFFD2000A157F /* Base */ = {isa = PBXFileReference; lastKnownFileType = file.storyboard; name = Base; path = Base.lproj/Main.storyboard; sourceTree = "<group>"; };
		9ADE6C811D5AFFD2000A157F /* Assets.xcassets */ = {isa = PBXFileReference; lastKnownFileType = folder.assetcatalog; path = Assets.xcassets; sourceTree = "<group>"; };
		9ADE6C841D5AFFD2000A157F /* Base */ = {isa = PBXFileReference; lastKnownFileType = file.storyboard; name = Base; path = Base.lproj/LaunchScreen.storyboard; sourceTree = "<group>"; };
		9ADE6C861D5AFFD2000A157F /* Info.plist */ = {isa = PBXFileReference; lastKnownFileType = text.plist.xml; path = Info.plist; sourceTree = "<group>"; };
		F3B547F3A1C97E9AEC8D2FD8 /* Pods-ArcGIS_Sample.debug.xcconfig */ = {isa = PBXFileReference; includeInIndex = 1; lastKnownFileType = text.xcconfig; name = "Pods-ArcGIS_Sample.debug.xcconfig"; path = "Pods/Target Support Files/Pods-ArcGIS_Sample/Pods-ArcGIS_Sample.debug.xcconfig"; sourceTree = "<group>"; };
/* End PBXFileReference section */

/* Begin PBXFrameworksBuildPhase section */
		9ADE6C741D5AFFD1000A157F /* Frameworks */ = {
			isa = PBXFrameworksBuildPhase;
			buildActionMask = 2147483647;
			files = (
				6538EDF4C28D355C6EAEB7F4 /* Pods_ArcGIS_Sample.framework in Frameworks */,
			);
			runOnlyForDeploymentPostprocessing = 0;
		};
/* End PBXFrameworksBuildPhase section */

/* Begin PBXGroup section */
		9ADE6C6E1D5AFFD1000A157F = {
			isa = PBXGroup;
			children = (
				9ADE6C791D5AFFD1000A157F /* ArcGIS_Sample */,
				9ADE6C781D5AFFD1000A157F /* Products */,
				C41C30D7188DF31432744447 /* Pods */,
				F333FDD69AD23CDEBE0FA26C /* Frameworks */,
			);
			sourceTree = "<group>";
		};
		9ADE6C781D5AFFD1000A157F /* Products */ = {
			isa = PBXGroup;
			children = (
				9ADE6C771D5AFFD1000A157F /* ArcGIS_Sample.app */,
			);
			name = Products;
			sourceTree = "<group>";
		};
		9ADE6C791D5AFFD1000A157F /* ArcGIS_Sample */ = {
			isa = PBXGroup;
			children = (
				9ADE6C7A1D5AFFD1000A157F /* AppDelegate.swift */,
				9ADE6C7C1D5AFFD2000A157F /* ViewController.swift */,
				9ADE6C7E1D5AFFD2000A157F /* Main.storyboard */,
				9ADE6C811D5AFFD2000A157F /* Assets.xcassets */,
				9ADE6C831D5AFFD2000A157F /* LaunchScreen.storyboard */,
				9ADE6C861D5AFFD2000A157F /* Info.plist */,
			);
			path = ArcGIS_Sample;
			sourceTree = "<group>";
		};
		C41C30D7188DF31432744447 /* Pods */ = {
			isa = PBXGroup;
			children = (
				F3B547F3A1C97E9AEC8D2FD8 /* Pods-ArcGIS_Sample.debug.xcconfig */,
				646098C88B351DA33F0FB638 /* Pods-ArcGIS_Sample.release.xcconfig */,
			);
			name = Pods;
			sourceTree = "<group>";
		};
		F333FDD69AD23CDEBE0FA26C /* Frameworks */ = {
			isa = PBXGroup;
			children = (
				90B0916A21627C7307EFFBD4 /* Pods_ArcGIS_Sample.framework */,
			);
			name = Frameworks;
			sourceTree = "<group>";
		};
/* End PBXGroup section */

/* Begin PBXNativeTarget section */
		9ADE6C761D5AFFD1000A157F /* ArcGIS_Sample */ = {
			isa = PBXNativeTarget;
			buildConfigurationList = 9ADE6C891D5AFFD2000A157F /* Build configuration list for PBXNativeTarget "ArcGIS_Sample" */;
			buildPhases = (
				BB30A2DA3606F04714F99581 /* [CP] Check Pods Manifest.lock */,
				9ADE6C731D5AFFD1000A157F /* Sources */,
				9ADE6C741D5AFFD1000A157F /* Frameworks */,
				9ADE6C751D5AFFD1000A157F /* Resources */,
				5FE1050FFE32AA6E3972A94C /* [CP] Embed Pods Frameworks */,
				85F31001ACC5C7BAC53C0152 /* [CP] Copy Pods Resources */,
			);
			buildRules = (
			);
			dependencies = (
			);
			name = ArcGIS_Sample;
			productName = ArcGIS_Sample;
			productReference = 9ADE6C771D5AFFD1000A157F /* ArcGIS_Sample.app */;
			productType = "com.apple.product-type.application";
		};
/* End PBXNativeTarget section */

/* Begin PBXProject section */
		9ADE6C6F1D5AFFD1000A157F /* Project object */ = {
			isa = PBXProject;
			attributes = {
				LastSwiftUpdateCheck = 0730;
				LastUpgradeCheck = 0730;
				ORGANIZATIONNAME = goga.co.jp;
				TargetAttributes = {
					9ADE6C761D5AFFD1000A157F = {
						CreatedOnToolsVersion = 7.3;
					};
				};
			};
			buildConfigurationList = 9ADE6C721D5AFFD1000A157F /* Build configuration list for PBXProject "ArcGIS_Sample" */;
			compatibilityVersion = "Xcode 3.2";
			developmentRegion = English;
			hasScannedForEncodings = 0;
			knownRegions = (
				en,
				Base,
			);
			mainGroup = 9ADE6C6E1D5AFFD1000A157F;
			productRefGroup = 9ADE6C781D5AFFD1000A157F /* Products */;
			projectDirPath = "";
			projectRoot = "";
			targets = (
				9ADE6C761D5AFFD1000A157F /* ArcGIS_Sample */,
			);
		};
/* End PBXProject section */

/* Begin PBXResourcesBuildPhase section */
		9ADE6C751D5AFFD1000A157F /* Resources */ = {
			isa = PBXResourcesBuildPhase;
			buildActionMask = 2147483647;
			files = (
				9ADE6C851D5AFFD2000A157F /* LaunchScreen.storyboard in Resources */,
				9ADE6C821D5AFFD2000A157F /* Assets.xcassets in Resources */,
				9ADE6C801D5AFFD2000A157F /* Main.storyboard in Resources */,
			);
			runOnlyForDeploymentPostprocessing = 0;
		};
/* End PBXResourcesBuildPhase section */

/* Begin PBXShellScriptBuildPhase section */
		5FE1050FFE32AA6E3972A94C /* [CP] Embed Pods Frameworks */ = {
			isa = PBXShellScriptBuildPhase;
			buildActionMask = 2147483647;
			files = (
			);
			inputPaths = (
			);
			name = "[CP] Embed Pods Frameworks";
			outputPaths = (
			);
			runOnlyForDeploymentPostprocessing = 0;
			shellPath = /bin/sh;
			shellScript = "\"${SRCROOT}/Pods/Target Support Files/Pods-ArcGIS_Sample/Pods-ArcGIS_Sample-frameworks.sh\"\n";
			showEnvVarsInLog = 0;
		};
		85F31001ACC5C7BAC53C0152 /* [CP] Copy Pods Resources */ = {
			isa = PBXShellScriptBuildPhase;
			buildActionMask = 2147483647;
			files = (
			);
			inputPaths = (
			);
			name = "[CP] Copy Pods Resources";
			outputPaths = (
			);
			runOnlyForDeploymentPostprocessing = 0;
			shellPath = /bin/sh;
			shellScript = "\"${SRCROOT}/Pods/Target Support Files/Pods-ArcGIS_Sample/Pods-ArcGIS_Sample-resources.sh\"\n";
			showEnvVarsInLog = 0;
		};
		BB30A2DA3606F04714F99581 /* [CP] Check Pods Manifest.lock */ = {
			isa = PBXShellScriptBuildPhase;
			buildActionMask = 2147483647;
			files = (
			);
			inputPaths = (
			);
			name = "[CP] Check Pods Manifest.lock";
			outputPaths = (
			);
			runOnlyForDeploymentPostprocessing = 0;
			shellPath = /bin/sh;
			shellScript = "diff \"${PODS_ROOT}/../Podfile.lock\" \"${PODS_ROOT}/Manifest.lock\" > /dev/null\nif [[ $? != 0 ]] ; then\n    cat << EOM\nerror: The sandbox is not in sync with the Podfile.lock. Run 'pod install' or update your CocoaPods installation.\nEOM\n    exit 1\nfi\n";
			showEnvVarsInLog = 0;
		};
/* End PBXShellScriptBuildPhase section */

/* Begin PBXSourcesBuildPhase section */
		9ADE6C731D5AFFD1000A157F /* Sources */ = {
			isa = PBXSourcesBuildPhase;
			buildActionMask = 2147483647;
			files = (
				9ADE6C7D1D5AFFD2000A157F /* ViewController.swift in Sources */,
				9ADE6C7B1D5AFFD1000A157F /* AppDelegate.swift in Sources */,
			);
			runOnlyForDeploymentPostprocessing = 0;
		};
/* End PBXSourcesBuildPhase section */

/* Begin PBXVariantGroup section */
		9ADE6C7E1D5AFFD2000A157F /* Main.storyboard */ = {
			isa = PBXVariantGroup;
			children = (
				9ADE6C7F1D5AFFD2000A157F /* Base */,
			);
			name = Main.storyboard;
			sourceTree = "<group>";
		};
		9ADE6C831D5AFFD2000A157F /* LaunchScreen.storyboard */ = {
			isa = PBXVariantGroup;
			children = (
				9ADE6C841D5AFFD2000A157F /* Base */,
			);
			name = LaunchScreen.storyboard;
			sourceTree = "<group>";
		};
/* End PBXVariantGroup section */

/* Begin XCBuildConfiguration section */
		9ADE6C871D5AFFD2000A157F /* Debug */ = {
			isa = XCBuildConfiguration;
			buildSettings = {
				ALWAYS_SEARCH_USER_PATHS = NO;
				CLANG_ANALYZER_NONNULL = YES;
				CLANG_CXX_LANGUAGE_STANDARD = "gnu++0x";
				CLANG_CXX_LIBRARY = "libc++";
				CLANG_ENABLE_MODULES = YES;
				CLANG_ENABLE_OBJC_ARC = YES;
				CLANG_WARN_BOOL_CONVERSION = YES;
				CLANG_WARN_CONSTANT_CONVERSION = YES;
				CLANG_WARN_DIRECT_OBJC_ISA_USAGE = YES_ERROR;
				CLANG_WARN_EMPTY_BODY = YES;
				CLANG_WARN_ENUM_CONVERSION = YES;
				CLANG_WARN_INT_CONVERSION = YES;
				CLANG_WARN_OBJC_ROOT_CLASS = YES_ERROR;
				CLANG_WARN_UNREACHABLE_CODE = YES;
				CLANG_WARN__DUPLICATE_METHOD_MATCH = YES;
				"CODE_SIGN_IDENTITY[sdk=iphoneos*]" = "iPhone Developer";
				COPY_PHASE_STRIP = NO;
				DEBUG_INFORMATION_FORMAT = dwarf;
				ENABLE_STRICT_OBJC_MSGSEND = YES;
				ENABLE_TESTABILITY = YES;
				GCC_C_LANGUAGE_STANDARD = gnu99;
				GCC_DYNAMIC_NO_PIC = NO;
				GCC_NO_COMMON_BLOCKS = YES;
				GCC_OPTIMIZATION_LEVEL = 0;
				GCC_PREPROCESSOR_DEFINITIONS = (
					"DEBUG=1",
					"$(inherited)",
				);
				GCC_WARN_64_TO_32_BIT_CONVERSION = YES;
				GCC_WARN_ABOUT_RETURN_TYPE = YES_ERROR;
				GCC_WARN_UNDECLARED_SELECTOR = YES;
				GCC_WARN_UNINITIALIZED_AUTOS = YES_AGGRESSIVE;
				GCC_WARN_UNUSED_FUNCTION = YES;
				GCC_WARN_UNUSED_VARIABLE = YES;
				IPHONEOS_DEPLOYMENT_TARGET = 9.3;
				MTL_ENABLE_DEBUG_INFO = YES;
				ONLY_ACTIVE_ARCH = YES;
				SDKROOT = iphoneos;
				SWIFT_OPTIMIZATION_LEVEL = "-Onone";
				TARGETED_DEVICE_FAMILY = "1,2";
			};
			name = Debug;
		};
		9ADE6C881D5AFFD2000A157F /* Release */ = {
			isa = XCBuildConfiguration;
			buildSettings = {
				ALWAYS_SEARCH_USER_PATHS = NO;
				CLANG_ANALYZER_NONNULL = YES;
				CLANG_CXX_LANGUAGE_STANDARD = "gnu++0x";
				CLANG_CXX_LIBRARY = "libc++";
				CLANG_ENABLE_MODULES = YES;
				CLANG_ENABLE_OBJC_ARC = YES;
				CLANG_WARN_BOOL_CONVERSION = YES;
				CLANG_WARN_CONSTANT_CONVERSION = YES;
				CLANG_WARN_DIRECT_OBJC_ISA_USAGE = YES_ERROR;
				CLANG_WARN_EMPTY_BODY = YES;
				CLANG_WARN_ENUM_CONVERSION = YES;
				CLANG_WARN_INT_CONVERSION = YES;
				CLANG_WARN_OBJC_ROOT_CLASS = YES_ERROR;
				CLANG_WARN_UNREACHABLE_CODE = YES;
				CLANG_WARN__DUPLICATE_METHOD_MATCH = YES;
				"CODE_SIGN_IDENTITY[sdk=iphoneos*]" = "iPhone Developer";
				COPY_PHASE_STRIP = NO;
				DEBUG_INFORMATION_FORMAT = "dwarf-with-dsym";
				ENABLE_NS_ASSERTIONS = NO;
				ENABLE_STRICT_OBJC_MSGSEND = YES;
				GCC_C_LANGUAGE_STANDARD = gnu99;
				GCC_NO_COMMON_BLOCKS = YES;
				GCC_WARN_64_TO_32_BIT_CONVERSION = YES;
				GCC_WARN_ABOUT_RETURN_TYPE = YES_ERROR;
				GCC_WARN_UNDECLARED_SELECTOR = YES;
				GCC_WARN_UNINITIALIZED_AUTOS = YES_AGGRESSIVE;
				GCC_WARN_UNUSED_FUNCTION = YES;
				GCC_WARN_UNUSED_VARIABLE = YES;
				IPHONEOS_DEPLOYMENT_TARGET = 9.3;
				MTL_ENABLE_DEBUG_INFO = NO;
				SDKROOT = iphoneos;
				TARGETED_DEVICE_FAMILY = "1,2";
				VALIDATE_PRODUCT = YES;
			};
			name = Release;
		};
		9ADE6C8A1D5AFFD2000A157F /* Debug */ = {
			isa = XCBuildConfiguration;
			baseConfigurationReference = F3B547F3A1C97E9AEC8D2FD8 /* Pods-ArcGIS_Sample.debug.xcconfig */;
			buildSettings = {
				ASSETCATALOG_COMPILER_APPICON_NAME = AppIcon;
				ENABLE_BITCODE = NO;
				INFOPLIST_FILE = ArcGIS_Sample/Info.plist;
				LD_RUNPATH_SEARCH_PATHS = "$(inherited) @executable_path/Frameworks";
				PRODUCT_BUNDLE_IDENTIFIER = "jp.co.goga.ArcGIS-Sample";
				PRODUCT_NAME = "$(TARGET_NAME)";
			};
			name = Debug;
		};
		9ADE6C8B1D5AFFD2000A157F /* Release */ = {
			isa = XCBuildConfiguration;
			baseConfigurationReference = 646098C88B351DA33F0FB638 /* Pods-ArcGIS_Sample.release.xcconfig */;
			buildSettings = {
				ASSETCATALOG_COMPILER_APPICON_NAME = AppIcon;
				ENABLE_BITCODE = NO;
				INFOPLIST_FILE = ArcGIS_Sample/Info.plist;
				LD_RUNPATH_SEARCH_PATHS = "$(inherited) @executable_path/Frameworks";
				PRODUCT_BUNDLE_IDENTIFIER = "jp.co.goga.ArcGIS-Sample";
				PRODUCT_NAME = "$(TARGET_NAME)";
			};
			name = Release;
		};
/* End XCBuildConfiguration section */

/* Begin XCConfigurationList section */
		9ADE6C721D5AFFD1000A157F /* Build configuration list for PBXProject "ArcGIS_Sample" */ = {
			isa = XCConfigurationList;
			buildConfigurations = (
				9ADE6C871D5AFFD2000A157F /* Debug */,
				9ADE6C881D5AFFD2000A157F /* Release */,
			);
			defaultConfigurationIsVisible = 0;
			defaultConfigurationName = Release;
		};
		9ADE6C891D5AFFD2000A157F /* Build configuration list for PBXNativeTarget "ArcGIS_Sample" */ = {
			isa = XCConfigurationList;
			buildConfigurations = (
				9ADE6C8A1D5AFFD2000A157F /* Debug */,
				9ADE6C8B1D5AFFD2000A157F /* Release */,
			);
			defaultConfigurationIsVisible = 0;
			defaultConfigurationName = Release;
		};
/* End XCConfigurationList section */
	};
	rootObject = 9ADE6C6F1D5AFFD1000A157F /* Project object */;
}
